{
  "requires": true,
  "lockfileVersion": 1,
  "dependencies": {
    "flatpickr": {
      "version": "4.6.13",
      "resolved": "https://registry.npmjs.org/flatpickr/-/flatpickr-4.6.13.tgz",
      "integrity": "sha512-97PMG/aywoYpB4IvbvUJi0RQi8vearvU0oov1WW3k0WZPBMrTQVqekSX5CjSG/M4Q3i6A/0FKXC7RyAoAUUSPw=="
    },
    "stimulus-flatpickr": {
      "version": "1.4.0",
      "resolved": "https://registry.npmjs.org/stimulus-flatpickr/-/stimulus-flatpickr-1.4.0.tgz",
      "integrity": "sha512-rcC/c9+E+f5W2kOjaaLShtf3i+p95ACqt+oGzSAgeuZh2YeIN8gW4EWO7h0STBLzSVPl6BjIfPWP7upMPavIVQ=="
    }
  }
}
